
Microsoft Visual Studio Solution File, Format Version 12.00
# Visual Studio Version 17
VisualStudioVersion = 17.10.35013.160
MinimumVisualStudioVersion = 10.0.40219.1
Project("{FAE04EC0-301F-11D3-BF4B-00C04F79EFBC}") = "New Configuration", "New Configuration.csproj", "{3A6A4037-FF44-4A60-A808-15C1A74D6EDA}"
EndProject
Global
	GlobalSection(SolutionConfigurationPlatforms) = preSolution
		Debug|Any CPU = Debug|Any CPU
		Release|Any CPU = Release|Any CPU
	EndGlobalSection
	GlobalSection(ProjectConfigurationPlatforms) = postSolution
		{3A6A4037-FF44-4A60-A808-15C1A74D6EDA}.Debug|Any CPU.ActiveCfg = Debug|Any CPU
		{3A6A4037-FF44-4A60-A808-15C1A74D6EDA}.Debug|Any CPU.Build.0 = Debug|Any CPU
		{3A6A4037-FF44-4A60-A808-15C1A74D6EDA}.Release|Any CPU.ActiveCfg = Release|Any CPU
		{3A6A4037-FF44-4A60-A808-15C1A74D6EDA}.Release|Any CPU.Build.0 = Release|Any CPU
	EndGlobalSection
	GlobalSection(SolutionProperties) = preSolution
		HideSolutionNode = FALSE
	EndGlobalSection
	GlobalSection(ExtensibilityGlobals) = postSolution
		SolutionGuid = {20DE95BA-E395-408F-95FD-6841E4837E67}
	EndGlobalSection
EndGlobal
